
Microsoft Visual Studio Solution File, Format Version 12.00
# Visual Studio Version 16
VisualStudioVersion = 16.0.32802.440
MinimumVisualStudioVersion = 10.0.40219.1
Project("{FAE04EC0-301F-11D3-BF4B-00C04F79EFBC}") = "A3JRBAP2", "A3JRBAP2.csproj", "{4F44E39D-2D5C-42E5-907E-07E3AED7BBBC}"
EndProject
Global
	GlobalSection(SolutionConfigurationPlatforms) = preSolution
		Debug|Any CPU = Debug|Any CPU
		Release|Any CPU = Release|Any CPU
	EndGlobalSection
	GlobalSection(ProjectConfigurationPlatforms) = postSolution
		{4F44E39D-2D5C-42E5-907E-07E3AED7BBBC}.Debug|Any CPU.ActiveCfg = Debug|Any CPU
		{4F44E39D-2D5C-42E5-907E-07E3AED7BBBC}.Debug|Any CPU.Build.0 = Debug|Any CPU
		{4F44E39D-2D5C-42E5-907E-07E3AED7BBBC}.Release|Any CPU.ActiveCfg = Release|Any CPU
		{4F44E39D-2D5C-42E5-907E-07E3AED7BBBC}.Release|Any CPU.Build.0 = Release|Any CPU
	EndGlobalSection
	GlobalSection(SolutionProperties) = preSolution
		HideSolutionNode = FALSE
	EndGlobalSection
	GlobalSection(ExtensibilityGlobals) = postSolution
		SolutionGuid = {8AEEA6DB-0AB9-4353-9BC7-150F5C9CB7B4}
	EndGlobalSection
EndGlobal
